
Microsoft Visual Studio Solution File, Format Version 10.00
# Visual Studio 2008
Project("{8BC9CEB8-8B4A-11D0-8D11-00A0C91BC942}") = "KPRenderer", "KPRenderer\KPRenderer.vcproj", "{704AD168-3323-4DDA-85D0-F1E90DF25A7D}"
EndProject
Project("{8BC9CEB8-8B4A-11D0-8D11-00A0C91BC942}") = "KPD3D", "KPD3D\KPD3D.vcproj", "{EE8C2948-1A35-48F8-A6CA-CAFB98958642}"
	ProjectSection(ProjectDependencies) = postProject
		{2580E25C-0B4F-4505-9C51-E49EC78481D2} = {2580E25C-0B4F-4505-9C51-E49EC78481D2}
		{704AD168-3323-4DDA-85D0-F1E90DF25A7D} = {704AD168-3323-4DDA-85D0-F1E90DF25A7D}
	EndProjectSection
EndProject
Project("{8BC9CEB8-8B4A-11D0-8D11-00A0C91BC942}") = "TesterProject", "TesterProject\TesterProject.vcproj", "{FFC46203-861C-471A-88EA-5819BADC12EB}"
EndProject
Project("{8BC9CEB8-8B4A-11D0-8D11-00A0C91BC942}") = "KP3D", "KP3D\KP3D.vcproj", "{2580E25C-0B4F-4505-9C51-E49EC78481D2}"
EndProject
Global
	GlobalSection(SolutionConfigurationPlatforms) = preSolution
		Debug|Win32 = Debug|Win32
		Release|Win32 = Release|Win32
	EndGlobalSection
	GlobalSection(ProjectConfigurationPlatforms) = postSolution
		{704AD168-3323-4DDA-85D0-F1E90DF25A7D}.Debug|Win32.ActiveCfg = Debug|Win32
		{704AD168-3323-4DDA-85D0-F1E90DF25A7D}.Debug|Win32.Build.0 = Debug|Win32
		{704AD168-3323-4DDA-85D0-F1E90DF25A7D}.Release|Win32.ActiveCfg = Release|Win32
		{704AD168-3323-4DDA-85D0-F1E90DF25A7D}.Release|Win32.Build.0 = Release|Win32
		{EE8C2948-1A35-48F8-A6CA-CAFB98958642}.Debug|Win32.ActiveCfg = Debug|Win32
		{EE8C2948-1A35-48F8-A6CA-CAFB98958642}.Debug|Win32.Build.0 = Debug|Win32
		{EE8C2948-1A35-48F8-A6CA-CAFB98958642}.Release|Win32.ActiveCfg = Release|Win32
		{EE8C2948-1A35-48F8-A6CA-CAFB98958642}.Release|Win32.Build.0 = Release|Win32
		{FFC46203-861C-471A-88EA-5819BADC12EB}.Debug|Win32.ActiveCfg = Debug|Win32
		{FFC46203-861C-471A-88EA-5819BADC12EB}.Debug|Win32.Build.0 = Debug|Win32
		{FFC46203-861C-471A-88EA-5819BADC12EB}.Release|Win32.ActiveCfg = Release|Win32
		{FFC46203-861C-471A-88EA-5819BADC12EB}.Release|Win32.Build.0 = Release|Win32
		{2580E25C-0B4F-4505-9C51-E49EC78481D2}.Debug|Win32.ActiveCfg = Debug|Win32
		{2580E25C-0B4F-4505-9C51-E49EC78481D2}.Debug|Win32.Build.0 = Debug|Win32
		{2580E25C-0B4F-4505-9C51-E49EC78481D2}.Release|Win32.ActiveCfg = Release|Win32
		{2580E25C-0B4F-4505-9C51-E49EC78481D2}.Release|Win32.Build.0 = Release|Win32
	EndGlobalSection
	GlobalSection(SolutionProperties) = preSolution
		HideSolutionNode = FALSE
	EndGlobalSection
EndGlobal
